{
  "lockfile-version": 1,
  "manifest": {
    "version": 1,
    "install": {
      "clang-tools": {
        "pkg-path": "clang-tools"
      },
      "gcc": {
        "pkg-path": "gcc"
      },
      "gdb": {
        "pkg-path": "gdb"
      },
      "gnumake": {
        "pkg-path": "gnumake"
      },
      "help2man": {
        "pkg-path": "help2man"
      }
    },
    "options": {
      "systems": [
        "aarch64-darwin",
        "aarch64-linux",
        "x86_64-darwin",
        "x86_64-linux"
      ]
    },
    "build": {
      "t3": {
        "command": "  make\n  make test\n  make install PREFIX=$out\n",
        "runtime-packages": [],
        "sandbox": "pure"
      }
    }
  },
  "packages": [
    {
      "attr_path": "clang-tools",
      "broken": false,
      "derivation": "/nix/store/xxlypcws8vs7savka83d011sv0hrs989-clang-tools-19.1.7.drv",
      "description": "Standalone command line tools for C++ development",
      "install_id": "clang-tools",
      "license": "[ NCSA, Apache-2.0, LLVM-exception ]",
      "locked_url": "https://github.com/flox/nixpkgs?rev=52faf482a3889b7619003c0daec593a1912fddc1",
      "name": "clang-tools-19.1.7",
      "pname": "clang-tools",
      "rev": "52faf482a3889b7619003c0daec593a1912fddc1",
      "rev_count": 776537,
      "rev_date": "2025-03-30T06:12:12Z",
      "scrape_date": "2025-04-01T01:11:35.840202Z",
      "stabilities": [
        "unstable"
      ],
      "unfree": false,
      "version": "19.1.7",
      "outputs_to_install": [
        "out"
      ],
      "outputs": {
        "out": "/nix/store/w9nsgv4q992vzxz0iwcd1835fdkxv9az-clang-tools-19.1.7"
      },
      "system": "aarch64-darwin",
      "group": "toplevel",
      "priority": 5
    },
    {
      "attr_path": "clang-tools",
      "broken": false,
      "derivation": "/nix/store/qkmvwif0kk4zann15wb95w6a43rxvgbv-clang-tools-19.1.7.drv",
      "description": "Standalone command line tools for C++ development",
      "install_id": "clang-tools",
      "license": "[ NCSA, Apache-2.0, LLVM-exception ]",
      "locked_url": "https://github.com/flox/nixpkgs?rev=52faf482a3889b7619003c0daec593a1912fddc1",
      "name": "clang-tools-19.1.7",
      "pname": "clang-tools",
      "rev": "52faf482a3889b7619003c0daec593a1912fddc1",
      "rev_count": 776537,
      "rev_date": "2025-03-30T06:12:12Z",
      "scrape_date": "2025-04-01T01:30:11.979214Z",
      "stabilities": [
        "unstable"
      ],
      "unfree": false,
      "version": "19.1.7",
      "outputs_to_install": [
        "out"
      ],
      "outputs": {
        "out": "/nix/store/vqcmbwh0cx2vqb1apajs67jbx53j5vhp-clang-tools-19.1.7"
      },
      "system": "aarch64-linux",
      "group": "toplevel",
      "priority": 5
    },
    {
      "attr_path": "clang-tools",
      "broken": false,
      "derivation": "/nix/store/h1g0jpfk1av2pw4vzm81ar2kw5ny5z8f-clang-tools-19.1.7.drv",
      "description": "Standalone command line tools for C++ development",
      "install_id": "clang-tools",
      "license": "[ NCSA, Apache-2.0, LLVM-exception ]",
      "locked_url": "https://github.com/flox/nixpkgs?rev=52faf482a3889b7619003c0daec593a1912fddc1",
      "name": "clang-tools-19.1.7",
      "pname": "clang-tools",
      "rev": "52faf482a3889b7619003c0daec593a1912fddc1",
      "rev_count": 776537,
      "rev_date": "2025-03-30T06:12:12Z",
      "scrape_date": "2025-04-01T01:46:42.252055Z",
      "stabilities": [
        "unstable"
      ],
      "unfree": false,
      "version": "19.1.7",
      "outputs_to_install": [
        "out"
      ],
      "outputs": {
        "out": "/nix/store/fcf94fzdv0l2g9sypm2mv6k1qi558cyn-clang-tools-19.1.7"
      },
      "system": "x86_64-darwin",
      "group": "toplevel",
      "priority": 5
    },
    {
      "attr_path": "clang-tools",
      "broken": false,
      "derivation": "/nix/store/ja4979wfr5dkagbiz1660zm803bjag85-clang-tools-19.1.7.drv",
      "description": "Standalone command line tools for C++ development",
      "install_id": "clang-tools",
      "license": "[ NCSA, Apache-2.0, LLVM-exception ]",
      "locked_url": "https://github.com/flox/nixpkgs?rev=52faf482a3889b7619003c0daec593a1912fddc1",
      "name": "clang-tools-19.1.7",
      "pname": "clang-tools",
      "rev": "52faf482a3889b7619003c0daec593a1912fddc1",
      "rev_count": 776537,
      "rev_date": "2025-03-30T06:12:12Z",
      "scrape_date": "2025-04-01T02:06:54.557579Z",
      "stabilities": [
        "unstable"
      ],
      "unfree": false,
      "version": "19.1.7",
      "outputs_to_install": [
        "out"
      ],
      "outputs": {
        "out": "/nix/store/lksd9rqdydlm486bihrgk4yh44f03l62-clang-tools-19.1.7"
      },
      "system": "x86_64-linux",
      "group": "toplevel",
      "priority": 5
    },
    {
      "attr_path": "gcc",
      "broken": false,
      "derivation": "/nix/store/5xdzg1anggwvvbk4sd54r3bxlc59qp58-gcc-wrapper-14-20241116.drv",
      "description": "GNU Compiler Collection, version 14-20241116 (wrapper script)",
      "install_id": "gcc",
      "license": "GPL-3.0-or-later",
      "locked_url": "https://github.com/flox/nixpkgs?rev=52faf482a3889b7619003c0daec593a1912fddc1",
      "name": "gcc-wrapper-14-20241116",
      "pname": "gcc",
      "rev": "52faf482a3889b7619003c0daec593a1912fddc1",
      "rev_count": 776537,
      "rev_date": "2025-03-30T06:12:12Z",
      "scrape_date": "2025-04-01T01:11:36.306625Z",
      "stabilities": [
        "unstable"
      ],
      "unfree": false,
      "version": "14-20241116",
      "outputs_to_install": [
        "man",
        "out"
      ],
      "outputs": {
        "info": "/nix/store/zq2sw0014hax6nqczp1sq0m20pnpkban-gcc-wrapper-14-20241116-info",
        "man": "/nix/store/xis3rm992wi8z5px0109ymb0fdxwzgk2-gcc-wrapper-14-20241116-man",
        "out": "/nix/store/szjcgfymj8fphv7fpx3c9yqgyja6269b-gcc-wrapper-14-20241116"
      },
      "system": "aarch64-darwin",
      "group": "toplevel",
      "priority": 5
    },
    {
      "attr_path": "gcc",
      "broken": false,
      "derivation": "/nix/store/nglrkx612sf444c38sw41c6qx4wa4sak-gcc-wrapper-14-20241116.drv",
      "description": "GNU Compiler Collection, version 14-20241116 (wrapper script)",
      "install_id": "gcc",
      "license": "GPL-3.0-or-later",
      "locked_url": "https://github.com/flox/nixpkgs?rev=52faf482a3889b7619003c0daec593a1912fddc1",
      "name": "gcc-wrapper-14-20241116",
      "pname": "gcc",
      "rev": "52faf482a3889b7619003c0daec593a1912fddc1",
      "rev_count": 776537,
      "rev_date": "2025-03-30T06:12:12Z",
      "scrape_date": "2025-04-01T01:30:12.813374Z",
      "stabilities": [
        "unstable"
      ],
      "unfree": false,
      "version": "14-20241116",
      "outputs_to_install": [
        "man",
        "out"
      ],
      "outputs": {
        "info": "/nix/store/gn5xrhkbxpklhngr1j2limdlrpn72zv9-gcc-wrapper-14-20241116-info",
        "man": "/nix/store/7ih0ihzdx4mx599j18sy81wp5qv4gqqz-gcc-wrapper-14-20241116-man",
        "out": "/nix/store/6cpyrcg1zi4a89bg80vfqfdwb6nr81fr-gcc-wrapper-14-20241116"
      },
      "system": "aarch64-linux",
      "group": "toplevel",
      "priority": 5
    },
    {
      "attr_path": "gcc",
      "broken": false,
      "derivation": "/nix/store/mrxvv7siflw143rb97h0zp37s3v9hys2-gcc-wrapper-14-20241116.drv",
      "description": "GNU Compiler Collection, version 14-20241116 (wrapper script)",
      "install_id": "gcc",
      "license": "GPL-3.0-or-later",
      "locked_url": "https://github.com/flox/nixpkgs?rev=52faf482a3889b7619003c0daec593a1912fddc1",
      "name": "gcc-wrapper-14-20241116",
      "pname": "gcc",
      "rev": "52faf482a3889b7619003c0daec593a1912fddc1",
      "rev_count": 776537,
      "rev_date": "2025-03-30T06:12:12Z",
      "scrape_date": "2025-04-01T01:46:42.718647Z",
      "stabilities": [
        "unstable"
      ],
      "unfree": false,
      "version": "14-20241116",
      "outputs_to_install": [
        "man",
        "out"
      ],
      "outputs": {
        "info": "/nix/store/zckp7ggmar77ckyx85s9m0qfq6bc8ki9-gcc-wrapper-14-20241116-info",
        "man": "/nix/store/7kgks0i9lpaxyzvylckjk5myrr2la789-gcc-wrapper-14-20241116-man",
        "out": "/nix/store/gap05kipvxfasxdaj4xmx8xyrcqq2jzq-gcc-wrapper-14-20241116"
      },
      "system": "x86_64-darwin",
      "group": "toplevel",
      "priority": 5
    },
    {
      "attr_path": "gcc",
      "broken": false,
      "derivation": "/nix/store/36z307dfy7c9lawjln92m26yyy1zwgaw-gcc-wrapper-14-20241116.drv",
      "description": "GNU Compiler Collection, version 14-20241116 (wrapper script)",
      "install_id": "gcc",
      "license": "GPL-3.0-or-later",
      "locked_url": "https://github.com/flox/nixpkgs?rev=52faf482a3889b7619003c0daec593a1912fddc1",
      "name": "gcc-wrapper-14-20241116",
      "pname": "gcc",
      "rev": "52faf482a3889b7619003c0daec593a1912fddc1",
      "rev_count": 776537,
      "rev_date": "2025-03-30T06:12:12Z",
      "scrape_date": "2025-04-01T02:06:55.527082Z",
      "stabilities": [
        "unstable"
      ],
      "unfree": false,
      "version": "14-20241116",
      "outputs_to_install": [
        "man",
        "out"
      ],
      "outputs": {
        "info": "/nix/store/8dqf93x2xbjnl0krj6qqgvrrx7nz9zhy-gcc-wrapper-14-20241116-info",
        "man": "/nix/store/4ssb0cgvrgmpr2n97q8l305f43s28j85-gcc-wrapper-14-20241116-man",
        "out": "/nix/store/8v6k283dpbc0qkdq81nb6mrxrgcb10i1-gcc-wrapper-14-20241116"
      },
      "system": "x86_64-linux",
      "group": "toplevel",
      "priority": 5
    },
    {
      "attr_path": "gdb",
      "broken": false,
      "derivation": "/nix/store/mcb2cqw30mw3q7lw3y2l8cax43nvprw1-gdb-16.2.drv",
      "description": "GNU Project debugger",
      "install_id": "gdb",
      "license": "GPL-3.0-or-later",
      "locked_url": "https://github.com/flox/nixpkgs?rev=52faf482a3889b7619003c0daec593a1912fddc1",
      "name": "gdb-16.2",
      "pname": "gdb",
      "rev": "52faf482a3889b7619003c0daec593a1912fddc1",
      "rev_count": 776537,
      "rev_date": "2025-03-30T06:12:12Z",
      "scrape_date": "2025-04-01T01:11:36.315404Z",
      "stabilities": [
        "unstable"
      ],
      "unfree": false,
      "version": "16.2",
      "outputs_to_install": [
        "out"
      ],
      "outputs": {
        "out": "/nix/store/mvi3qy5wsx2fnpsqv7iidnrjkwhzm16y-gdb-16.2"
      },
      "system": "aarch64-darwin",
      "group": "toplevel",
      "priority": 5
    },
    {
      "attr_path": "gdb",
      "broken": false,
      "derivation": "/nix/store/1750gcdy8nfv2ii4c5vfp74p70d2wj17-gdb-16.2.drv",
      "description": "GNU Project debugger",
      "install_id": "gdb",
      "license": "GPL-3.0-or-later",
      "locked_url": "https://github.com/flox/nixpkgs?rev=52faf482a3889b7619003c0daec593a1912fddc1",
      "name": "gdb-16.2",
      "pname": "gdb",
      "rev": "52faf482a3889b7619003c0daec593a1912fddc1",
      "rev_count": 776537,
      "rev_date": "2025-03-30T06:12:12Z",
      "scrape_date": "2025-04-01T01:30:12.826700Z",
      "stabilities": [
        "unstable"
      ],
      "unfree": false,
      "version": "16.2",
      "outputs_to_install": [
        "out"
      ],
      "outputs": {
        "out": "/nix/store/kxp8p6gykpyvqnbmhd39qnvffbni9f02-gdb-16.2"
      },
      "system": "aarch64-linux",
      "group": "toplevel",
      "priority": 5
    },
    {
      "attr_path": "gdb",
      "broken": false,
      "derivation": "/nix/store/ibrls9dpav3afl40qj9sxb8c78zfy0j5-gdb-16.2.drv",
      "description": "GNU Project debugger",
      "install_id": "gdb",
      "license": "GPL-3.0-or-later",
      "locked_url": "https://github.com/flox/nixpkgs?rev=52faf482a3889b7619003c0daec593a1912fddc1",
      "name": "gdb-16.2",
      "pname": "gdb",
      "rev": "52faf482a3889b7619003c0daec593a1912fddc1",
      "rev_count": 776537,
      "rev_date": "2025-03-30T06:12:12Z",
      "scrape_date": "2025-04-01T01:46:42.729283Z",
      "stabilities": [
        "unstable"
      ],
      "unfree": false,
      "version": "16.2",
      "outputs_to_install": [
        "out"
      ],
      "outputs": {
        "out": "/nix/store/6h4wicw2jpqk6a62ggw0b5p3z4klpv68-gdb-16.2"
      },
      "system": "x86_64-darwin",
      "group": "toplevel",
      "priority": 5
    },
    {
      "attr_path": "gdb",
      "broken": false,
      "derivation": "/nix/store/jb5midj613z5hq5k2fc2drs52ajac3wi-gdb-16.2.drv",
      "description": "GNU Project debugger",
      "install_id": "gdb",
      "license": "GPL-3.0-or-later",
      "locked_url": "https://github.com/flox/nixpkgs?rev=52faf482a3889b7619003c0daec593a1912fddc1",
      "name": "gdb-16.2",
      "pname": "gdb",
      "rev": "52faf482a3889b7619003c0daec593a1912fddc1",
      "rev_count": 776537,
      "rev_date": "2025-03-30T06:12:12Z",
      "scrape_date": "2025-04-01T02:06:55.543237Z",
      "stabilities": [
        "unstable"
      ],
      "unfree": false,
      "version": "16.2",
      "outputs_to_install": [
        "out"
      ],
      "outputs": {
        "out": "/nix/store/mmfmyi6fl8ggvhwd2nfc9ds1d71gkwz6-gdb-16.2"
      },
      "system": "x86_64-linux",
      "group": "toplevel",
      "priority": 5
    },
    {
      "attr_path": "gnumake",
      "broken": false,
      "derivation": "/nix/store/897qgbbiqskfickkdbv2k1cm6i8hx5w7-gnumake-4.4.1.drv",
      "description": "Tool to control the generation of non-source files from sources",
      "install_id": "gnumake",
      "license": "GPL-3.0-or-later",
      "locked_url": "https://github.com/flox/nixpkgs?rev=52faf482a3889b7619003c0daec593a1912fddc1",
      "name": "gnumake-4.4.1",
      "pname": "gnumake",
      "rev": "52faf482a3889b7619003c0daec593a1912fddc1",
      "rev_count": 776537,
      "rev_date": "2025-03-30T06:12:12Z",
      "scrape_date": "2025-04-01T01:11:36.442208Z",
      "stabilities": [
        "unstable"
      ],
      "unfree": false,
      "version": "4.4.1",
      "outputs_to_install": [
        "man",
        "out"
      ],
      "outputs": {
        "info": "/nix/store/c5jccx4albc6g0fcxa4ghwg27945fnby-gnumake-4.4.1-info",
        "man": "/nix/store/mvygvl0jxvci87m9j9r393ri5jsz2ybq-gnumake-4.4.1-man",
        "out": "/nix/store/cnkfqpa3kyi3mgk0yd8lqbrdysq7j38q-gnumake-4.4.1"
      },
      "system": "aarch64-darwin",
      "group": "toplevel",
      "priority": 5
    },
    {
      "attr_path": "gnumake",
      "broken": false,
      "derivation": "/nix/store/1w8mkkppb9qx6y489fr6baf6sjcwz25f-gnumake-4.4.1.drv",
      "description": "Tool to control the generation of non-source files from sources",
      "install_id": "gnumake",
      "license": "GPL-3.0-or-later",
      "locked_url": "https://github.com/flox/nixpkgs?rev=52faf482a3889b7619003c0daec593a1912fddc1",
      "name": "gnumake-4.4.1",
      "pname": "gnumake",
      "rev": "52faf482a3889b7619003c0daec593a1912fddc1",
      "rev_count": 776537,
      "rev_date": "2025-03-30T06:12:12Z",
      "scrape_date": "2025-04-01T01:30:13.282827Z",
      "stabilities": [
        "unstable"
      ],
      "unfree": false,
      "version": "4.4.1",
      "outputs_to_install": [
        "man",
        "out"
      ],
      "outputs": {
        "debug": "/nix/store/yrfbzz0whhvibv18f2zb6a4l671ryrdk-gnumake-4.4.1-debug",
        "info": "/nix/store/crfkqwk94z3mvshp5yigwgayxypr7rzr-gnumake-4.4.1-info",
        "man": "/nix/store/a5lgpaf6b9rm3czp8bv6fw84152rsk08-gnumake-4.4.1-man",
        "out": "/nix/store/jp96c7glhd39jvym2qxrrqbyjlbn4jg8-gnumake-4.4.1"
      },
      "system": "aarch64-linux",
      "group": "toplevel",
      "priority": 5
    },
    {
      "attr_path": "gnumake",
      "broken": false,
      "derivation": "/nix/store/90dva6ghca1npg5qjp3l78mkl26nm8yd-gnumake-4.4.1.drv",
      "description": "Tool to control the generation of non-source files from sources",
      "install_id": "gnumake",
      "license": "GPL-3.0-or-later",
      "locked_url": "https://github.com/flox/nixpkgs?rev=52faf482a3889b7619003c0daec593a1912fddc1",
      "name": "gnumake-4.4.1",
      "pname": "gnumake",
      "rev": "52faf482a3889b7619003c0daec593a1912fddc1",
      "rev_count": 776537,
      "rev_date": "2025-03-30T06:12:12Z",
      "scrape_date": "2025-04-01T01:46:42.884117Z",
      "stabilities": [
        "unstable"
      ],
      "unfree": false,
      "version": "4.4.1",
      "outputs_to_install": [
        "man",
        "out"
      ],
      "outputs": {
        "info": "/nix/store/sqzsgjrslilvvs25b1rwkxr0vqwgy4n5-gnumake-4.4.1-info",
        "man": "/nix/store/xk3mk8ilcibjnh3yhakmii8drsxy25p3-gnumake-4.4.1-man",
        "out": "/nix/store/yfkp7d7jj5m467qrss5p1c26j8pbqmx9-gnumake-4.4.1"
      },
      "system": "x86_64-darwin",
      "group": "toplevel",
      "priority": 5
    },
    {
      "attr_path": "gnumake",
      "broken": false,
      "derivation": "/nix/store/smmbdypz6jpj72190zwm0d65fs5hp34y-gnumake-4.4.1.drv",
      "description": "Tool to control the generation of non-source files from sources",
      "install_id": "gnumake",
      "license": "GPL-3.0-or-later",
      "locked_url": "https://github.com/flox/nixpkgs?rev=52faf482a3889b7619003c0daec593a1912fddc1",
      "name": "gnumake-4.4.1",
      "pname": "gnumake",
      "rev": "52faf482a3889b7619003c0daec593a1912fddc1",
      "rev_count": 776537,
      "rev_date": "2025-03-30T06:12:12Z",
      "scrape_date": "2025-04-01T02:06:56.078852Z",
      "stabilities": [
        "unstable"
      ],
      "unfree": false,
      "version": "4.4.1",
      "outputs_to_install": [
        "man",
        "out"
      ],
      "outputs": {
        "debug": "/nix/store/40rj5d3igp9fb80r4pg3gnkzj338rffa-gnumake-4.4.1-debug",
        "info": "/nix/store/33lvx5blf6ms1b6ynaln49hx1xksypxf-gnumake-4.4.1-info",
        "man": "/nix/store/y87b22iwv64wrfpgyii4gjgbhcfqq0mi-gnumake-4.4.1-man",
        "out": "/nix/store/k0hhyz6qnj5065vpw15m4r7nbs0mn706-gnumake-4.4.1"
      },
      "system": "x86_64-linux",
      "group": "toplevel",
      "priority": 5
    },
    {
      "attr_path": "help2man",
      "broken": false,
      "derivation": "/nix/store/r5wb0hcwqqw7lvnxvqm13nkskl35mzq7-help2man-1.49.3.drv",
      "description": "Generate man pages from `--help' output",
      "install_id": "help2man",
      "license": "GPL-3.0-or-later",
      "locked_url": "https://github.com/flox/nixpkgs?rev=52faf482a3889b7619003c0daec593a1912fddc1",
      "name": "help2man-1.49.3",
      "pname": "help2man",
      "rev": "52faf482a3889b7619003c0daec593a1912fddc1",
      "rev_count": 776537,
      "rev_date": "2025-03-30T06:12:12Z",
      "scrape_date": "2025-04-01T01:11:36.629387Z",
      "stabilities": [
        "unstable"
      ],
      "unfree": false,
      "version": "1.49.3",
      "outputs_to_install": [
        "out"
      ],
      "outputs": {
        "out": "/nix/store/4xkf9yrp1igig98hj33rixjinnpc6h85-help2man-1.49.3"
      },
      "system": "aarch64-darwin",
      "group": "toplevel",
      "priority": 5
    },
    {
      "attr_path": "help2man",
      "broken": false,
      "derivation": "/nix/store/z4krqdgjkhyyvqjjlj338qxyg2z111r5-help2man-1.49.3.drv",
      "description": "Generate man pages from `--help' output",
      "install_id": "help2man",
      "license": "GPL-3.0-or-later",
      "locked_url": "https://github.com/flox/nixpkgs?rev=52faf482a3889b7619003c0daec593a1912fddc1",
      "name": "help2man-1.49.3",
      "pname": "help2man",
      "rev": "52faf482a3889b7619003c0daec593a1912fddc1",
      "rev_count": 776537,
      "rev_date": "2025-03-30T06:12:12Z",
      "scrape_date": "2025-04-01T01:30:13.622760Z",
      "stabilities": [
        "unstable"
      ],
      "unfree": false,
      "version": "1.49.3",
      "outputs_to_install": [
        "out"
      ],
      "outputs": {
        "out": "/nix/store/kqwjnl307x5amhwp59wrb41l89hsn9k8-help2man-1.49.3"
      },
      "system": "aarch64-linux",
      "group": "toplevel",
      "priority": 5
    },
    {
      "attr_path": "help2man",
      "broken": false,
      "derivation": "/nix/store/x80pakh733hq5p3qq8x6gj2vvszsyg0r-help2man-1.49.3.drv",
      "description": "Generate man pages from `--help' output",
      "install_id": "help2man",
      "license": "GPL-3.0-or-later",
      "locked_url": "https://github.com/flox/nixpkgs?rev=52faf482a3889b7619003c0daec593a1912fddc1",
      "name": "help2man-1.49.3",
      "pname": "help2man",
      "rev": "52faf482a3889b7619003c0daec593a1912fddc1",
      "rev_count": 776537,
      "rev_date": "2025-03-30T06:12:12Z",
      "scrape_date": "2025-04-01T01:46:43.074625Z",
      "stabilities": [
        "unstable"
      ],
      "unfree": false,
      "version": "1.49.3",
      "outputs_to_install": [
        "out"
      ],
      "outputs": {
        "out": "/nix/store/mj9x38yyfywbm1g47iz1q809ppbh89fx-help2man-1.49.3"
      },
      "system": "x86_64-darwin",
      "group": "toplevel",
      "priority": 5
    },
    {
      "attr_path": "help2man",
      "broken": false,
      "derivation": "/nix/store/ddxa6jpd62cv8njiqqa1xl5ajy9sqlk7-help2man-1.49.3.drv",
      "description": "Generate man pages from `--help' output",
      "install_id": "help2man",
      "license": "GPL-3.0-or-later",
      "locked_url": "https://github.com/flox/nixpkgs?rev=52faf482a3889b7619003c0daec593a1912fddc1",
      "name": "help2man-1.49.3",
      "pname": "help2man",
      "rev": "52faf482a3889b7619003c0daec593a1912fddc1",
      "rev_count": 776537,
      "rev_date": "2025-03-30T06:12:12Z",
      "scrape_date": "2025-04-01T02:06:56.465638Z",
      "stabilities": [
        "unstable"
      ],
      "unfree": false,
      "version": "1.49.3",
      "outputs_to_install": [
        "out"
      ],
      "outputs": {
        "out": "/nix/store/v71mzf2aphhmr03kw9rnriwdm9gvmhw9-help2man-1.49.3"
      },
      "system": "x86_64-linux",
      "group": "toplevel",
      "priority": 5
    }
  ]
}