{
  "lockfile-version": 1,
  "manifest": {
    "version": 1,
    "install": {
      "clang-tools": {
        "pkg-path": "clang-tools"
      },
      "gcc": {
        "pkg-path": "gcc"
      },
      "gdb": {
        "pkg-path": "gdb"
      },
      "gnumake": {
        "pkg-path": "gnumake"
      },
      "help2man": {
        "pkg-path": "help2man"
      }
    },
    "options": {
      "systems": [
        "aarch64-darwin",
        "aarch64-linux",
        "x86_64-darwin",
        "x86_64-linux"
      ]
    },
    "build": {
      "t3": {
        "command": "  make\n  make test\n  make install PREFIX=$out\n",
        "runtime-packages": [],
        "sandbox": "pure"
      }
    }
  },
  "packages": [
    {
      "attr_path": "clang-tools",
      "broken": false,
      "derivation": "/nix/store/n2cwf0y008y0cxg38a6l0ijqn7jgrq8q-clang-tools-19.1.7.drv",
      "description": "Standalone command line tools for C++ development",
      "install_id": "clang-tools",
      "license": "[ NCSA, Apache-2.0, LLVM-exception ]",
      "locked_url": "https://github.com/flox/nixpkgs?rev=1fd8bada0b6117e6c7eb54aad5813023eed37ccb",
      "name": "clang-tools-19.1.7",
      "pname": "clang-tools",
      "rev": "1fd8bada0b6117e6c7eb54aad5813023eed37ccb",
      "rev_count": 826054,
      "rev_date": "2025-07-06T08:59:25Z",
      "scrape_date": "2025-07-08T05:14:34.688759Z",
      "stabilities": [
        "unstable"
      ],
      "unfree": false,
      "version": "19.1.7",
      "outputs_to_install": [
        "out"
      ],
      "outputs": {
        "out": "/nix/store/fbhmhp0ilbci4q7vjhbb2ayxhqj8phvm-clang-tools-19.1.7"
      },
      "system": "aarch64-darwin",
      "group": "toplevel",
      "priority": 5
    },
    {
      "attr_path": "clang-tools",
      "broken": false,
      "derivation": "/nix/store/a1ap5gvmw6v07hc5ks8kfffjgj8ppqqz-clang-tools-19.1.7.drv",
      "description": "Standalone command line tools for C++ development",
      "install_id": "clang-tools",
      "license": "[ NCSA, Apache-2.0, LLVM-exception ]",
      "locked_url": "https://github.com/flox/nixpkgs?rev=1fd8bada0b6117e6c7eb54aad5813023eed37ccb",
      "name": "clang-tools-19.1.7",
      "pname": "clang-tools",
      "rev": "1fd8bada0b6117e6c7eb54aad5813023eed37ccb",
      "rev_count": 826054,
      "rev_date": "2025-07-06T08:59:25Z",
      "scrape_date": "2025-07-08T05:34:25.154248Z",
      "stabilities": [
        "unstable"
      ],
      "unfree": false,
      "version": "19.1.7",
      "outputs_to_install": [
        "out"
      ],
      "outputs": {
        "out": "/nix/store/xg6s5h4605a1k62vr2saydd45x7bzlna-clang-tools-19.1.7"
      },
      "system": "aarch64-linux",
      "group": "toplevel",
      "priority": 5
    },
    {
      "attr_path": "clang-tools",
      "broken": false,
      "derivation": "/nix/store/9kmnahaswk75q5kyjxb1cmwv72j7jv4n-clang-tools-19.1.7.drv",
      "description": "Standalone command line tools for C++ development",
      "install_id": "clang-tools",
      "license": "[ NCSA, Apache-2.0, LLVM-exception ]",
      "locked_url": "https://github.com/flox/nixpkgs?rev=1fd8bada0b6117e6c7eb54aad5813023eed37ccb",
      "name": "clang-tools-19.1.7",
      "pname": "clang-tools",
      "rev": "1fd8bada0b6117e6c7eb54aad5813023eed37ccb",
      "rev_count": 826054,
      "rev_date": "2025-07-06T08:59:25Z",
      "scrape_date": "2025-07-08T05:52:52.220951Z",
      "stabilities": [
        "unstable"
      ],
      "unfree": false,
      "version": "19.1.7",
      "outputs_to_install": [
        "out"
      ],
      "outputs": {
        "out": "/nix/store/4xvjnj4b1j1s1ykwn66pz7v6rqsp2lxz-clang-tools-19.1.7"
      },
      "system": "x86_64-darwin",
      "group": "toplevel",
      "priority": 5
    },
    {
      "attr_path": "clang-tools",
      "broken": false,
      "derivation": "/nix/store/9q3dyzwprfsyl3wafxd4nbscad0az7q6-clang-tools-19.1.7.drv",
      "description": "Standalone command line tools for C++ development",
      "install_id": "clang-tools",
      "license": "[ NCSA, Apache-2.0, LLVM-exception ]",
      "locked_url": "https://github.com/flox/nixpkgs?rev=1fd8bada0b6117e6c7eb54aad5813023eed37ccb",
      "name": "clang-tools-19.1.7",
      "pname": "clang-tools",
      "rev": "1fd8bada0b6117e6c7eb54aad5813023eed37ccb",
      "rev_count": 826054,
      "rev_date": "2025-07-06T08:59:25Z",
      "scrape_date": "2025-07-08T06:14:16.918774Z",
      "stabilities": [
        "unstable"
      ],
      "unfree": false,
      "version": "19.1.7",
      "outputs_to_install": [
        "out"
      ],
      "outputs": {
        "out": "/nix/store/bx82p30rpg1nf54zs0gk7vqdg7bs7kb3-clang-tools-19.1.7"
      },
      "system": "x86_64-linux",
      "group": "toplevel",
      "priority": 5
    },
    {
      "attr_path": "gcc",
      "broken": false,
      "derivation": "/nix/store/85g8l285vdbci7dpv6k069lnny9m6rk9-gcc-wrapper-14.3.0.drv",
      "description": "GNU Compiler Collection, version 14.3.0 (wrapper script)",
      "install_id": "gcc",
      "license": "GPL-3.0-or-later",
      "locked_url": "https://github.com/flox/nixpkgs?rev=1fd8bada0b6117e6c7eb54aad5813023eed37ccb",
      "name": "gcc-wrapper-14.3.0",
      "pname": "gcc",
      "rev": "1fd8bada0b6117e6c7eb54aad5813023eed37ccb",
      "rev_count": 826054,
      "rev_date": "2025-07-06T08:59:25Z",
      "scrape_date": "2025-07-08T05:14:35.187891Z",
      "stabilities": [
        "unstable"
      ],
      "unfree": false,
      "version": "14.3.0",
      "outputs_to_install": [
        "man",
        "out"
      ],
      "outputs": {
        "info": "/nix/store/qagnb15gfwxivn34610m0zqnwxrc3y3x-gcc-wrapper-14.3.0-info",
        "man": "/nix/store/jhjasqmzbajybva8zfa4gxw9gli3gx5c-gcc-wrapper-14.3.0-man",
        "out": "/nix/store/ayx4cw7p2ny3ja3by9s0g5fl79w5sx36-gcc-wrapper-14.3.0"
      },
      "system": "aarch64-darwin",
      "group": "toplevel",
      "priority": 5
    },
    {
      "attr_path": "gcc",
      "broken": false,
      "derivation": "/nix/store/jkvjq0f6z9c3xhxj1agzyyqsbxwjmwf0-gcc-wrapper-14.3.0.drv",
      "description": "GNU Compiler Collection, version 14.3.0 (wrapper script)",
      "install_id": "gcc",
      "license": "GPL-3.0-or-later",
      "locked_url": "https://github.com/flox/nixpkgs?rev=1fd8bada0b6117e6c7eb54aad5813023eed37ccb",
      "name": "gcc-wrapper-14.3.0",
      "pname": "gcc",
      "rev": "1fd8bada0b6117e6c7eb54aad5813023eed37ccb",
      "rev_count": 826054,
      "rev_date": "2025-07-06T08:59:25Z",
      "scrape_date": "2025-07-08T05:34:26.007181Z",
      "stabilities": [
        "unstable"
      ],
      "unfree": false,
      "version": "14.3.0",
      "outputs_to_install": [
        "man",
        "out"
      ],
      "outputs": {
        "info": "/nix/store/hzbypijngrral6avxr8gypkkzfj49dbb-gcc-wrapper-14.3.0-info",
        "man": "/nix/store/ppydldr7kc9m7nqlykmvfxcx5qjwb3n7-gcc-wrapper-14.3.0-man",
        "out": "/nix/store/290idwd3a9c2lyi5mzixyn5qrxmzihzn-gcc-wrapper-14.3.0"
      },
      "system": "aarch64-linux",
      "group": "toplevel",
      "priority": 5
    },
    {
      "attr_path": "gcc",
      "broken": false,
      "derivation": "/nix/store/4ysjaiwqaz3xr939srx9r4s52d82kdwn-gcc-wrapper-14.3.0.drv",
      "description": "GNU Compiler Collection, version 14.3.0 (wrapper script)",
      "install_id": "gcc",
      "license": "GPL-3.0-or-later",
      "locked_url": "https://github.com/flox/nixpkgs?rev=1fd8bada0b6117e6c7eb54aad5813023eed37ccb",
      "name": "gcc-wrapper-14.3.0",
      "pname": "gcc",
      "rev": "1fd8bada0b6117e6c7eb54aad5813023eed37ccb",
      "rev_count": 826054,
      "rev_date": "2025-07-06T08:59:25Z",
      "scrape_date": "2025-07-08T05:52:52.713374Z",
      "stabilities": [
        "unstable"
      ],
      "unfree": false,
      "version": "14.3.0",
      "outputs_to_install": [
        "man",
        "out"
      ],
      "outputs": {
        "info": "/nix/store/fplrrdhdzbqwbiv5vv51qbzns4a1wr8z-gcc-wrapper-14.3.0-info",
        "man": "/nix/store/v78ik0rd7kv8nhhsm6h23hrgwsrp5xph-gcc-wrapper-14.3.0-man",
        "out": "/nix/store/zh8g82br5jjpidj3kix96x32yrfxgyx4-gcc-wrapper-14.3.0"
      },
      "system": "x86_64-darwin",
      "group": "toplevel",
      "priority": 5
    },
    {
      "attr_path": "gcc",
      "broken": false,
      "derivation": "/nix/store/wz71r3fbdzxicz9zsc67nih3c452jgy9-gcc-wrapper-14.3.0.drv",
      "description": "GNU Compiler Collection, version 14.3.0 (wrapper script)",
      "install_id": "gcc",
      "license": "GPL-3.0-or-later",
      "locked_url": "https://github.com/flox/nixpkgs?rev=1fd8bada0b6117e6c7eb54aad5813023eed37ccb",
      "name": "gcc-wrapper-14.3.0",
      "pname": "gcc",
      "rev": "1fd8bada0b6117e6c7eb54aad5813023eed37ccb",
      "rev_count": 826054,
      "rev_date": "2025-07-06T08:59:25Z",
      "scrape_date": "2025-07-08T06:14:17.876099Z",
      "stabilities": [
        "unstable"
      ],
      "unfree": false,
      "version": "14.3.0",
      "outputs_to_install": [
        "man",
        "out"
      ],
      "outputs": {
        "info": "/nix/store/7i5d2jdwgvj7i97r6jpqclds48m6pvjm-gcc-wrapper-14.3.0-info",
        "man": "/nix/store/rjcbyaw5i75grgh6ifkbc2ggzx8v7vsi-gcc-wrapper-14.3.0-man",
        "out": "/nix/store/pbqah1qk4b5y14fqinr1h8zvhqy71v81-gcc-wrapper-14.3.0"
      },
      "system": "x86_64-linux",
      "group": "toplevel",
      "priority": 5
    },
    {
      "attr_path": "gdb",
      "broken": false,
      "derivation": "/nix/store/a3ckmpxz9qgj5d6lxzb042y8l1fx8j5p-gdb-16.3.drv",
      "description": "GNU Project debugger",
      "install_id": "gdb",
      "license": "GPL-3.0-or-later",
      "locked_url": "https://github.com/flox/nixpkgs?rev=1fd8bada0b6117e6c7eb54aad5813023eed37ccb",
      "name": "gdb-16.3",
      "pname": "gdb",
      "rev": "1fd8bada0b6117e6c7eb54aad5813023eed37ccb",
      "rev_count": 826054,
      "rev_date": "2025-07-06T08:59:25Z",
      "scrape_date": "2025-07-08T05:14:35.197954Z",
      "stabilities": [
        "unstable"
      ],
      "unfree": false,
      "version": "16.3",
      "outputs_to_install": [
        "out"
      ],
      "outputs": {
        "out": "/nix/store/9f9vsxqjs9lrkyv6jb5dsjiz4cc771g5-gdb-16.3"
      },
      "system": "aarch64-darwin",
      "group": "toplevel",
      "priority": 5
    },
    {
      "attr_path": "gdb",
      "broken": false,
      "derivation": "/nix/store/34zzw8m9c1ziqcizn7j7m978kr9vnc16-gdb-16.3.drv",
      "description": "GNU Project debugger",
      "install_id": "gdb",
      "license": "GPL-3.0-or-later",
      "locked_url": "https://github.com/flox/nixpkgs?rev=1fd8bada0b6117e6c7eb54aad5813023eed37ccb",
      "name": "gdb-16.3",
      "pname": "gdb",
      "rev": "1fd8bada0b6117e6c7eb54aad5813023eed37ccb",
      "rev_count": 826054,
      "rev_date": "2025-07-06T08:59:25Z",
      "scrape_date": "2025-07-08T05:34:26.021344Z",
      "stabilities": [
        "unstable"
      ],
      "unfree": false,
      "version": "16.3",
      "outputs_to_install": [
        "out"
      ],
      "outputs": {
        "out": "/nix/store/nhjckrzpyhmqnhxw5xp4m3kipgbpf64x-gdb-16.3"
      },
      "system": "aarch64-linux",
      "group": "toplevel",
      "priority": 5
    },
    {
      "attr_path": "gdb",
      "broken": false,
      "derivation": "/nix/store/n6ss9mklggfivxd9px23b8jcsqnbz3md-gdb-16.3.drv",
      "description": "GNU Project debugger",
      "install_id": "gdb",
      "license": "GPL-3.0-or-later",
      "locked_url": "https://github.com/flox/nixpkgs?rev=1fd8bada0b6117e6c7eb54aad5813023eed37ccb",
      "name": "gdb-16.3",
      "pname": "gdb",
      "rev": "1fd8bada0b6117e6c7eb54aad5813023eed37ccb",
      "rev_count": 826054,
      "rev_date": "2025-07-06T08:59:25Z",
      "scrape_date": "2025-07-08T05:52:52.724027Z",
      "stabilities": [
        "unstable"
      ],
      "unfree": false,
      "version": "16.3",
      "outputs_to_install": [
        "out"
      ],
      "outputs": {
        "out": "/nix/store/hf2hqbnzsgim2jw29kahif8ykqkwzy4q-gdb-16.3"
      },
      "system": "x86_64-darwin",
      "group": "toplevel",
      "priority": 5
    },
    {
      "attr_path": "gdb",
      "broken": false,
      "derivation": "/nix/store/4wd81wz4vm5605v4r0ff5yq6rsfh50x6-gdb-16.3.drv",
      "description": "GNU Project debugger",
      "install_id": "gdb",
      "license": "GPL-3.0-or-later",
      "locked_url": "https://github.com/flox/nixpkgs?rev=1fd8bada0b6117e6c7eb54aad5813023eed37ccb",
      "name": "gdb-16.3",
      "pname": "gdb",
      "rev": "1fd8bada0b6117e6c7eb54aad5813023eed37ccb",
      "rev_count": 826054,
      "rev_date": "2025-07-06T08:59:25Z",
      "scrape_date": "2025-07-08T06:14:17.891578Z",
      "stabilities": [
        "unstable"
      ],
      "unfree": false,
      "version": "16.3",
      "outputs_to_install": [
        "out"
      ],
      "outputs": {
        "out": "/nix/store/30ny2x1zhcl6k65nmw6bqn9z7mrk0afy-gdb-16.3"
      },
      "system": "x86_64-linux",
      "group": "toplevel",
      "priority": 5
    },
    {
      "attr_path": "gnumake",
      "broken": false,
      "derivation": "/nix/store/60nhk5npja6szd4xm89zfmhf645bvyi4-gnumake-4.4.1.drv",
      "description": "Tool to control the generation of non-source files from sources",
      "install_id": "gnumake",
      "license": "GPL-3.0-or-later",
      "locked_url": "https://github.com/flox/nixpkgs?rev=1fd8bada0b6117e6c7eb54aad5813023eed37ccb",
      "name": "gnumake-4.4.1",
      "pname": "gnumake",
      "rev": "1fd8bada0b6117e6c7eb54aad5813023eed37ccb",
      "rev_count": 826054,
      "rev_date": "2025-07-06T08:59:25Z",
      "scrape_date": "2025-07-08T05:14:35.331677Z",
      "stabilities": [
        "unstable"
      ],
      "unfree": false,
      "version": "4.4.1",
      "outputs_to_install": [
        "man",
        "out"
      ],
      "outputs": {
        "info": "/nix/store/39c179hnw4w0y9pikjxm9zvrsq9wxs6q-gnumake-4.4.1-info",
        "man": "/nix/store/dk7vh49s82kl68y3pv4b5glmz31xh255-gnumake-4.4.1-man",
        "out": "/nix/store/r7m07s173xa5nlii49999m0666i4sh27-gnumake-4.4.1"
      },
      "system": "aarch64-darwin",
      "group": "toplevel",
      "priority": 5
    },
    {
      "attr_path": "gnumake",
      "broken": false,
      "derivation": "/nix/store/k2iilkq7739pfi8zl1xg0v0ylb01whd4-gnumake-4.4.1.drv",
      "description": "Tool to control the generation of non-source files from sources",
      "install_id": "gnumake",
      "license": "GPL-3.0-or-later",
      "locked_url": "https://github.com/flox/nixpkgs?rev=1fd8bada0b6117e6c7eb54aad5813023eed37ccb",
      "name": "gnumake-4.4.1",
      "pname": "gnumake",
      "rev": "1fd8bada0b6117e6c7eb54aad5813023eed37ccb",
      "rev_count": 826054,
      "rev_date": "2025-07-06T08:59:25Z",
      "scrape_date": "2025-07-08T05:34:26.508198Z",
      "stabilities": [
        "unstable"
      ],
      "unfree": false,
      "version": "4.4.1",
      "outputs_to_install": [
        "man",
        "out"
      ],
      "outputs": {
        "debug": "/nix/store/5n3plbn2w3my72ji83f3ffg1rykcj09m-gnumake-4.4.1-debug",
        "info": "/nix/store/yahicgkv1xprlqv6nlgzdyfivqmghpbi-gnumake-4.4.1-info",
        "man": "/nix/store/8p351d8fiirsppiz0mmjanp4k40k8fb5-gnumake-4.4.1-man",
        "out": "/nix/store/1yr3fp9z2a6bnfxyrg9r9a50cn0fgs1c-gnumake-4.4.1"
      },
      "system": "aarch64-linux",
      "group": "toplevel",
      "priority": 5
    },
    {
      "attr_path": "gnumake",
      "broken": false,
      "derivation": "/nix/store/2zbz7220kfc9q6fqag14habfqnzf8hay-gnumake-4.4.1.drv",
      "description": "Tool to control the generation of non-source files from sources",
      "install_id": "gnumake",
      "license": "GPL-3.0-or-later",
      "locked_url": "https://github.com/flox/nixpkgs?rev=1fd8bada0b6117e6c7eb54aad5813023eed37ccb",
      "name": "gnumake-4.4.1",
      "pname": "gnumake",
      "rev": "1fd8bada0b6117e6c7eb54aad5813023eed37ccb",
      "rev_count": 826054,
      "rev_date": "2025-07-06T08:59:25Z",
      "scrape_date": "2025-07-08T05:52:52.891672Z",
      "stabilities": [
        "unstable"
      ],
      "unfree": false,
      "version": "4.4.1",
      "outputs_to_install": [
        "man",
        "out"
      ],
      "outputs": {
        "info": "/nix/store/27x32j1ild76cv8aw3v89x0vzkz57g9b-gnumake-4.4.1-info",
        "man": "/nix/store/fhf8z0n0qdrzim6jckj0kib749skibp7-gnumake-4.4.1-man",
        "out": "/nix/store/m9l6dyxvkzlawlsb56gmj40ahlvhyg02-gnumake-4.4.1"
      },
      "system": "x86_64-darwin",
      "group": "toplevel",
      "priority": 5
    },
    {
      "attr_path": "gnumake",
      "broken": false,
      "derivation": "/nix/store/4ag52d8v19ncbqgpj6h2zw0fqy6lfa4d-gnumake-4.4.1.drv",
      "description": "Tool to control the generation of non-source files from sources",
      "install_id": "gnumake",
      "license": "GPL-3.0-or-later",
      "locked_url": "https://github.com/flox/nixpkgs?rev=1fd8bada0b6117e6c7eb54aad5813023eed37ccb",
      "name": "gnumake-4.4.1",
      "pname": "gnumake",
      "rev": "1fd8bada0b6117e6c7eb54aad5813023eed37ccb",
      "rev_count": 826054,
      "rev_date": "2025-07-06T08:59:25Z",
      "scrape_date": "2025-07-08T06:14:18.440603Z",
      "stabilities": [
        "unstable"
      ],
      "unfree": false,
      "version": "4.4.1",
      "outputs_to_install": [
        "man",
        "out"
      ],
      "outputs": {
        "debug": "/nix/store/6z5kdrm4iz98knwcf6bzkrrdnfc0y521-gnumake-4.4.1-debug",
        "info": "/nix/store/qjwiip462nkv8dand7zql6np4plzk8rq-gnumake-4.4.1-info",
        "man": "/nix/store/ylv36wr8356r4ff02nlw1h70cigx582h-gnumake-4.4.1-man",
        "out": "/nix/store/20ljlr4fvln0pd2xcrhy6bm27bk1dnc7-gnumake-4.4.1"
      },
      "system": "x86_64-linux",
      "group": "toplevel",
      "priority": 5
    },
    {
      "attr_path": "help2man",
      "broken": false,
      "derivation": "/nix/store/9qjk4hmqd014ka3lh0qxzrxilpgi92xk-help2man-1.49.3.drv",
      "description": "Generate man pages from `--help' output",
      "install_id": "help2man",
      "license": "GPL-3.0-or-later",
      "locked_url": "https://github.com/flox/nixpkgs?rev=1fd8bada0b6117e6c7eb54aad5813023eed37ccb",
      "name": "help2man-1.49.3",
      "pname": "help2man",
      "rev": "1fd8bada0b6117e6c7eb54aad5813023eed37ccb",
      "rev_count": 826054,
      "rev_date": "2025-07-06T08:59:25Z",
      "scrape_date": "2025-07-08T05:14:35.529734Z",
      "stabilities": [
        "unstable"
      ],
      "unfree": false,
      "version": "1.49.3",
      "outputs_to_install": [
        "out"
      ],
      "outputs": {
        "out": "/nix/store/yh232r044h4idnkgsz9mrf8xdyqvbmgl-help2man-1.49.3"
      },
      "system": "aarch64-darwin",
      "group": "toplevel",
      "priority": 5
    },
    {
      "attr_path": "help2man",
      "broken": false,
      "derivation": "/nix/store/dncq3sbj4zkl6sgr4g954q3kxahhf4h6-help2man-1.49.3.drv",
      "description": "Generate man pages from `--help' output",
      "install_id": "help2man",
      "license": "GPL-3.0-or-later",
      "locked_url": "https://github.com/flox/nixpkgs?rev=1fd8bada0b6117e6c7eb54aad5813023eed37ccb",
      "name": "help2man-1.49.3",
      "pname": "help2man",
      "rev": "1fd8bada0b6117e6c7eb54aad5813023eed37ccb",
      "rev_count": 826054,
      "rev_date": "2025-07-06T08:59:25Z",
      "scrape_date": "2025-07-08T05:34:26.874822Z",
      "stabilities": [
        "unstable"
      ],
      "unfree": false,
      "version": "1.49.3",
      "outputs_to_install": [
        "out"
      ],
      "outputs": {
        "out": "/nix/store/vrw940vfj8qizggi01wazf6pzc3x0vkk-help2man-1.49.3"
      },
      "system": "aarch64-linux",
      "group": "toplevel",
      "priority": 5
    },
    {
      "attr_path": "help2man",
      "broken": false,
      "derivation": "/nix/store/prbp73k3lmf3988zk5ark7zddvkzjz7k-help2man-1.49.3.drv",
      "description": "Generate man pages from `--help' output",
      "install_id": "help2man",
      "license": "GPL-3.0-or-later",
      "locked_url": "https://github.com/flox/nixpkgs?rev=1fd8bada0b6117e6c7eb54aad5813023eed37ccb",
      "name": "help2man-1.49.3",
      "pname": "help2man",
      "rev": "1fd8bada0b6117e6c7eb54aad5813023eed37ccb",
      "rev_count": 826054,
      "rev_date": "2025-07-06T08:59:25Z",
      "scrape_date": "2025-07-08T05:52:53.097122Z",
      "stabilities": [
        "unstable"
      ],
      "unfree": false,
      "version": "1.49.3",
      "outputs_to_install": [
        "out"
      ],
      "outputs": {
        "out": "/nix/store/0l7y71fglj6fqh9nm2mambshqlblw34x-help2man-1.49.3"
      },
      "system": "x86_64-darwin",
      "group": "toplevel",
      "priority": 5
    },
    {
      "attr_path": "help2man",
      "broken": false,
      "derivation": "/nix/store/zpvs1gsnn4ppjccyw3ki37lgsa5dhyxi-help2man-1.49.3.drv",
      "description": "Generate man pages from `--help' output",
      "install_id": "help2man",
      "license": "GPL-3.0-or-later",
      "locked_url": "https://github.com/flox/nixpkgs?rev=1fd8bada0b6117e6c7eb54aad5813023eed37ccb",
      "name": "help2man-1.49.3",
      "pname": "help2man",
      "rev": "1fd8bada0b6117e6c7eb54aad5813023eed37ccb",
      "rev_count": 826054,
      "rev_date": "2025-07-06T08:59:25Z",
      "scrape_date": "2025-07-08T06:14:18.840982Z",
      "stabilities": [
        "unstable"
      ],
      "unfree": false,
      "version": "1.49.3",
      "outputs_to_install": [
        "out"
      ],
      "outputs": {
        "out": "/nix/store/zpylflwqaz13121rlwv7ir50jlsr4w41-help2man-1.49.3"
      },
      "system": "x86_64-linux",
      "group": "toplevel",
      "priority": 5
    }
  ]
}